// !$*UTF8*$!
{
	archiveVersion = 1;
	classes = {
	};
	objectVersion = 51;
	objects = {

/* Begin PBXBuildFile section */
		02F22765221287F29AA34871 /* Pods_MealToGoClientTests.framework in Frameworks */ = {isa = PBXBuildFile; fileRef = 4B633865365209DBD5962B85 /* Pods_MealToGoClientTests.framework */; };
		601E3A0D24869C96001DCAD2 /* DateStringConverter.swift in Sources */ = {isa = PBXBuildFile; fileRef = 601E3A0C24869C96001DCAD2 /* DateStringConverter.swift */; };
		6032BECF2496029B0096757B /* SocialSignInClient.swift in Sources */ = {isa = PBXBuildFile; fileRef = 6032BECE2496029B0096757B /* SocialSignInClient.swift */; };
		6032BED2249610010096757B /* SignInButtons.swift in Sources */ = {isa = PBXBuildFile; fileRef = 6032BED1249610010096757B /* SignInButtons.swift */; };
		6032BED42496129B0096757B /* SignInIcons.xcassets in Resources */ = {isa = PBXBuildFile; fileRef = 6032BED32496129B0096757B /* SignInIcons.xcassets */; };
		6032BED6249632360096757B /* LaunchPage.swift in Sources */ = {isa = PBXBuildFile; fileRef = 6032BED5249632360096757B /* LaunchPage.swift */; };
		6046F95624892D0C00E5D68B /* DishItemControl.swift in Sources */ = {isa = PBXBuildFile; fileRef = 6046F95524892D0C00E5D68B /* DishItemControl.swift */; };
		604A1785248FDB510076900C /* ColorExtensions.swift in Sources */ = {isa = PBXBuildFile; fileRef = 604A1784248FDB510076900C /* ColorExtensions.swift */; };
		604CB3722493B79C00B6D7A5 /* OrderConfirmationPage.swift in Sources */ = {isa = PBXBuildFile; fileRef = 604CB3712493B79C00B6D7A5 /* OrderConfirmationPage.swift */; };
		604CB3742493BC9B00B6D7A5 /* Order.swift in Sources */ = {isa = PBXBuildFile; fileRef = 604CB3732493BC9B00B6D7A5 /* Order.swift */; };
		604CB3762493BE2800B6D7A5 /* UserInfo.swift in Sources */ = {isa = PBXBuildFile; fileRef = 604CB3752493BE2800B6D7A5 /* UserInfo.swift */; };
		604CB3782493C5F000B6D7A5 /* MultiLineTextField.swift in Sources */ = {isa = PBXBuildFile; fileRef = 604CB3772493C5F000B6D7A5 /* MultiLineTextField.swift */; };
		604CB37A2493D51000B6D7A5 /* MapUtil.swift in Sources */ = {isa = PBXBuildFile; fileRef = 604CB3792493D51000B6D7A5 /* MapUtil.swift */; };
		604CB37C2494737400B6D7A5 /* PaymentMethod.swift in Sources */ = {isa = PBXBuildFile; fileRef = 604CB37B2494737400B6D7A5 /* PaymentMethod.swift */; };
		6050E82E2483DF8400AA4EF7 /* AppDelegate.swift in Sources */ = {isa = PBXBuildFile; fileRef = 6050E82D2483DF8400AA4EF7 /* AppDelegate.swift */; };
		6050E8302483DF8400AA4EF7 /* SceneDelegate.swift in Sources */ = {isa = PBXBuildFile; fileRef = 6050E82F2483DF8400AA4EF7 /* SceneDelegate.swift */; };
		6050E8322483DF8400AA4EF7 /* ContentView.swift in Sources */ = {isa = PBXBuildFile; fileRef = 6050E8312483DF8400AA4EF7 /* ContentView.swift */; };
		6050E8342483DF8600AA4EF7 /* Assets.xcassets in Resources */ = {isa = PBXBuildFile; fileRef = 6050E8332483DF8600AA4EF7 /* Assets.xcassets */; };
		6050E8372483DF8600AA4EF7 /* Preview Assets.xcassets in Resources */ = {isa = PBXBuildFile; fileRef = 6050E8362483DF8600AA4EF7 /* Preview Assets.xcassets */; };
		6050E83A2483DF8600AA4EF7 /* LaunchScreen.storyboard in Resources */ = {isa = PBXBuildFile; fileRef = 6050E8382483DF8600AA4EF7 /* LaunchScreen.storyboard */; };
		6050E8452483DF8700AA4EF7 /* MealToGoClientTests.swift in Sources */ = {isa = PBXBuildFile; fileRef = 6050E8442483DF8700AA4EF7 /* MealToGoClientTests.swift */; };
		6050E8522483E23900AA4EF7 /* Restaurant.swift in Sources */ = {isa = PBXBuildFile; fileRef = 6050E8512483E23900AA4EF7 /* Restaurant.swift */; };
		6050E8542483E2B500AA4EF7 /* Dish.swift in Sources */ = {isa = PBXBuildFile; fileRef = 6050E8532483E2B500AA4EF7 /* Dish.swift */; };
		6050E8562483E2DD00AA4EF7 /* Message.swift in Sources */ = {isa = PBXBuildFile; fileRef = 6050E8552483E2DD00AA4EF7 /* Message.swift */; };
		6050E8582483E32700AA4EF7 /* ImageWithData.swift in Sources */ = {isa = PBXBuildFile; fileRef = 6050E8572483E32700AA4EF7 /* ImageWithData.swift */; };
		6051ABDC249A5EA400AA593E /* AppGlobalSettings.swift in Sources */ = {isa = PBXBuildFile; fileRef = 6051ABDB249A5EA400AA593E /* AppGlobalSettings.swift */; };
		605354342490FB26008D7917 /* SideMenuItem.swift in Sources */ = {isa = PBXBuildFile; fileRef = 605354332490FB26008D7917 /* SideMenuItem.swift */; };
		605354362490FC56008D7917 /* UIResources.swift in Sources */ = {isa = PBXBuildFile; fileRef = 605354352490FC56008D7917 /* UIResources.swift */; };
		6053543824910295008D7917 /* MainViewModel.swift in Sources */ = {isa = PBXBuildFile; fileRef = 6053543724910295008D7917 /* MainViewModel.swift */; };
		6053543A24910995008D7917 /* SettingsPage.swift in Sources */ = {isa = PBXBuildFile; fileRef = 6053543924910995008D7917 /* SettingsPage.swift */; };
		6053543C24910D23008D7917 /* CartPage.swift in Sources */ = {isa = PBXBuildFile; fileRef = 6053543B24910D23008D7917 /* CartPage.swift */; };
		6053543E24911464008D7917 /* RestaurantMapPage.swift in Sources */ = {isa = PBXBuildFile; fileRef = 6053543D24911464008D7917 /* RestaurantMapPage.swift */; };
		6053544024911505008D7917 /* RestaurantMapControl.swift in Sources */ = {isa = PBXBuildFile; fileRef = 6053543F24911505008D7917 /* RestaurantMapControl.swift */; };
		606828102491193200B66848 /* ProfilePage.swift in Sources */ = {isa = PBXBuildFile; fileRef = 6068280F2491193200B66848 /* ProfilePage.swift */; };
		6080EACB248E679F00530823 /* OrderItemOptionsControl.swift in Sources */ = {isa = PBXBuildFile; fileRef = 6080EACA248E679F00530823 /* OrderItemOptionsControl.swift */; };
		6080EACE248E722800530823 /* OrderItemViewModel.swift in Sources */ = {isa = PBXBuildFile; fileRef = 6080EACD248E722800530823 /* OrderItemViewModel.swift */; };
		6081F547249FAF80008F651D /* HttpClient.swift in Sources */ = {isa = PBXBuildFile; fileRef = 6081F546249FAF80008F651D /* HttpClient.swift */; };
		6081F54924A39950008F651D /* MtGClient.swift in Sources */ = {isa = PBXBuildFile; fileRef = 6081F54824A39950008F651D /* MtGClient.swift */; };
		60C6E6752483EC1700878258 /* DemoImages.xcassets in Resources */ = {isa = PBXBuildFile; fileRef = 60C6E6742483EC1700878258 /* DemoImages.xcassets */; };
		60C6E6782483EC6D00878258 /* DemoData.swift in Sources */ = {isa = PBXBuildFile; fileRef = 60C6E6772483EC6D00878258 /* DemoData.swift */; };
		60C6E67A2483F9F900878258 /* RestaurantListPage.swift in Sources */ = {isa = PBXBuildFile; fileRef = 60C6E6792483F9F900878258 /* RestaurantListPage.swift */; };
		60C6E67D248404DC00878258 /* RestaurantDetailControl.swift in Sources */ = {isa = PBXBuildFile; fileRef = 60C6E67C248404DC00878258 /* RestaurantDetailControl.swift */; };
		60C6E67F248404EE00878258 /* DishListPage.swift in Sources */ = {isa = PBXBuildFile; fileRef = 60C6E67E248404EE00878258 /* DishListPage.swift */; };
		60CDC321248FC09B00483D3F /* SideMenu.swift in Sources */ = {isa = PBXBuildFile; fileRef = 60CDC320248FC09B00483D3F /* SideMenu.swift */; };
		60EC64F424A6207600F519F6 /* AlertUtil.swift in Sources */ = {isa = PBXBuildFile; fileRef = 60EC64F324A6207600F519F6 /* AlertUtil.swift */; };
		60EC64F624A768C300F519F6 /* DishListPageViewModel.swift in Sources */ = {isa = PBXBuildFile; fileRef = 60EC64F524A768C300F519F6 /* DishListPageViewModel.swift */; };
		60EC64F824A7715800F519F6 /* RestaurantListPageViewModel.swift in Sources */ = {isa = PBXBuildFile; fileRef = 60EC64F724A7715800F519F6 /* RestaurantListPageViewModel.swift */; };
		60F5B250249910080078F326 /* AppGlobalVariables.swift in Sources */ = {isa = PBXBuildFile; fileRef = 60F5B24F249910080078F326 /* AppGlobalVariables.swift */; };
		83BB60D83D2302F3C3B75782 /* Pods_MealToGoClient.framework in Frameworks */ = {isa = PBXBuildFile; fileRef = F294DABD906C05D95484DFA6 /* Pods_MealToGoClient.framework */; };
/* End PBXBuildFile section */

/* Begin PBXContainerItemProxy section */
		6050E8412483DF8700AA4EF7 /* PBXContainerItemProxy */ = {
			isa = PBXContainerItemProxy;
			containerPortal = 6050E8222483DF8400AA4EF7 /* Project object */;
			proxyType = 1;
			remoteGlobalIDString = 6050E8292483DF8400AA4EF7;
			remoteInfo = MealToGoClient;
		};
/* End PBXContainerItemProxy section */

/* Begin PBXFileReference section */
		2EF43E62ED5EE18E715419A6 /* Pods-MealToGoClient.release.xcconfig */ = {isa = PBXFileReference; includeInIndex = 1; lastKnownFileType = text.xcconfig; name = "Pods-MealToGoClient.release.xcconfig"; path = "Target Support Files/Pods-MealToGoClient/Pods-MealToGoClient.release.xcconfig"; sourceTree = "<group>"; };
		4B633865365209DBD5962B85 /* Pods_MealToGoClientTests.framework */ = {isa = PBXFileReference; explicitFileType = wrapper.framework; includeInIndex = 0; path = Pods_MealToGoClientTests.framework; sourceTree = BUILT_PRODUCTS_DIR; };
		601E3A0C24869C96001DCAD2 /* DateStringConverter.swift */ = {isa = PBXFileReference; lastKnownFileType = sourcecode.swift; path = DateStringConverter.swift; sourceTree = "<group>"; };
		6032BECE2496029B0096757B /* SocialSignInClient.swift */ = {isa = PBXFileReference; lastKnownFileType = sourcecode.swift; path = SocialSignInClient.swift; sourceTree = "<group>"; };
		6032BED1249610010096757B /* SignInButtons.swift */ = {isa = PBXFileReference; lastKnownFileType = sourcecode.swift; path = SignInButtons.swift; sourceTree = "<group>"; };
		6032BED32496129B0096757B /* SignInIcons.xcassets */ = {isa = PBXFileReference; lastKnownFileType = folder.assetcatalog; path = SignInIcons.xcassets; sourceTree = "<group>"; };
		6032BED5249632360096757B /* LaunchPage.swift */ = {isa = PBXFileReference; lastKnownFileType = sourcecode.swift; path = LaunchPage.swift; sourceTree = "<group>"; };
		6046F95524892D0C00E5D68B /* DishItemControl.swift */ = {isa = PBXFileReference; lastKnownFileType = sourcecode.swift; path = DishItemControl.swift; sourceTree = "<group>"; };
		604A1784248FDB510076900C /* ColorExtensions.swift */ = {isa = PBXFileReference; lastKnownFileType = sourcecode.swift; path = ColorExtensions.swift; sourceTree = "<group>"; };
		604CB3712493B79C00B6D7A5 /* OrderConfirmationPage.swift */ = {isa = PBXFileReference; lastKnownFileType = sourcecode.swift; path = OrderConfirmationPage.swift; sourceTree = "<group>"; };
		604CB3732493BC9B00B6D7A5 /* Order.swift */ = {isa = PBXFileReference; lastKnownFileType = sourcecode.swift; path = Order.swift; sourceTree = "<group>"; };
		604CB3752493BE2800B6D7A5 /* UserInfo.swift */ = {isa = PBXFileReference; lastKnownFileType = sourcecode.swift; path = UserInfo.swift; sourceTree = "<group>"; };
		604CB3772493C5F000B6D7A5 /* MultiLineTextField.swift */ = {isa = PBXFileReference; lastKnownFileType = sourcecode.swift; path = MultiLineTextField.swift; sourceTree = "<group>"; };
		604CB3792493D51000B6D7A5 /* MapUtil.swift */ = {isa = PBXFileReference; lastKnownFileType = sourcecode.swift; path = MapUtil.swift; sourceTree = "<group>"; };
		604CB37B2494737400B6D7A5 /* PaymentMethod.swift */ = {isa = PBXFileReference; lastKnownFileType = sourcecode.swift; path = PaymentMethod.swift; sourceTree = "<group>"; };
		6050E82A2483DF8400AA4EF7 /* MealToGoClient.app */ = {isa = PBXFileReference; explicitFileType = wrapper.application; includeInIndex = 0; path = MealToGoClient.app; sourceTree = BUILT_PRODUCTS_DIR; };
		6050E82D2483DF8400AA4EF7 /* AppDelegate.swift */ = {isa = PBXFileReference; lastKnownFileType = sourcecode.swift; path = AppDelegate.swift; sourceTree = "<group>"; };
		6050E82F2483DF8400AA4EF7 /* SceneDelegate.swift */ = {isa = PBXFileReference; lastKnownFileType = sourcecode.swift; path = SceneDelegate.swift; sourceTree = "<group>"; };
		6050E8312483DF8400AA4EF7 /* ContentView.swift */ = {isa = PBXFileReference; lastKnownFileType = sourcecode.swift; path = ContentView.swift; sourceTree = "<group>"; };
		6050E8332483DF8600AA4EF7 /* Assets.xcassets */ = {isa = PBXFileReference; lastKnownFileType = folder.assetcatalog; path = Assets.xcassets; sourceTree = "<group>"; };
		6050E8362483DF8600AA4EF7 /* Preview Assets.xcassets */ = {isa = PBXFileReference; lastKnownFileType = folder.assetcatalog; path = "Preview Assets.xcassets"; sourceTree = "<group>"; };
		6050E8392483DF8600AA4EF7 /* Base */ = {isa = PBXFileReference; lastKnownFileType = file.storyboard; name = Base; path = Base.lproj/LaunchScreen.storyboard; sourceTree = "<group>"; };
		6050E83B2483DF8600AA4EF7 /* Info.plist */ = {isa = PBXFileReference; lastKnownFileType = text.plist.xml; path = Info.plist; sourceTree = "<group>"; };
		6050E8402483DF8700AA4EF7 /* MealToGoClientTests.xctest */ = {isa = PBXFileReference; explicitFileType = wrapper.cfbundle; includeInIndex = 0; path = MealToGoClientTests.xctest; sourceTree = BUILT_PRODUCTS_DIR; };
		6050E8442483DF8700AA4EF7 /* MealToGoClientTests.swift */ = {isa = PBXFileReference; lastKnownFileType = sourcecode.swift; path = MealToGoClientTests.swift; sourceTree = "<group>"; };
		6050E8462483DF8700AA4EF7 /* Info.plist */ = {isa = PBXFileReference; lastKnownFileType = text.plist.xml; path = Info.plist; sourceTree = "<group>"; };
		6050E8512483E23900AA4EF7 /* Restaurant.swift */ = {isa = PBXFileReference; lastKnownFileType = sourcecode.swift; path = Restaurant.swift; sourceTree = "<group>"; };
		6050E8532483E2B500AA4EF7 /* Dish.swift */ = {isa = PBXFileReference; lastKnownFileType = sourcecode.swift; path = Dish.swift; sourceTree = "<group>"; };
		6050E8552483E2DD00AA4EF7 /* Message.swift */ = {isa = PBXFileReference; lastKnownFileType = sourcecode.swift; path = Message.swift; sourceTree = "<group>"; };
		6050E8572483E32700AA4EF7 /* ImageWithData.swift */ = {isa = PBXFileReference; lastKnownFileType = sourcecode.swift; path = ImageWithData.swift; sourceTree = "<group>"; };
		6051ABDB249A5EA400AA593E /* AppGlobalSettings.swift */ = {isa = PBXFileReference; lastKnownFileType = sourcecode.swift; path = AppGlobalSettings.swift; sourceTree = "<group>"; };
		605354332490FB26008D7917 /* SideMenuItem.swift */ = {isa = PBXFileReference; lastKnownFileType = sourcecode.swift; path = SideMenuItem.swift; sourceTree = "<group>"; };
		605354352490FC56008D7917 /* UIResources.swift */ = {isa = PBXFileReference; lastKnownFileType = sourcecode.swift; path = UIResources.swift; sourceTree = "<group>"; };
		6053543724910295008D7917 /* MainViewModel.swift */ = {isa = PBXFileReference; lastKnownFileType = sourcecode.swift; path = MainViewModel.swift; sourceTree = "<group>"; };
		6053543924910995008D7917 /* SettingsPage.swift */ = {isa = PBXFileReference; lastKnownFileType = sourcecode.swift; path = SettingsPage.swift; sourceTree = "<group>"; };
		6053543B24910D23008D7917 /* CartPage.swift */ = {isa = PBXFileReference; lastKnownFileType = sourcecode.swift; path = CartPage.swift; sourceTree = "<group>"; };
		6053543D24911464008D7917 /* RestaurantMapPage.swift */ = {isa = PBXFileReference; lastKnownFileType = sourcecode.swift; path = RestaurantMapPage.swift; sourceTree = "<group>"; };
		6053543F24911505008D7917 /* RestaurantMapControl.swift */ = {isa = PBXFileReference; lastKnownFileType = sourcecode.swift; path = RestaurantMapControl.swift; sourceTree = "<group>"; };
		6068280F2491193200B66848 /* ProfilePage.swift */ = {isa = PBXFileReference; lastKnownFileType = sourcecode.swift; path = ProfilePage.swift; sourceTree = "<group>"; };
		6080EACA248E679F00530823 /* OrderItemOptionsControl.swift */ = {isa = PBXFileReference; lastKnownFileType = sourcecode.swift; path = OrderItemOptionsControl.swift; sourceTree = "<group>"; };
		6080EACD248E722800530823 /* OrderItemViewModel.swift */ = {isa = PBXFileReference; lastKnownFileType = sourcecode.swift; path = OrderItemViewModel.swift; sourceTree = "<group>"; };
		6081F546249FAF80008F651D /* HttpClient.swift */ = {isa = PBXFileReference; lastKnownFileType = sourcecode.swift; path = HttpClient.swift; sourceTree = "<group>"; };
		6081F54824A39950008F651D /* MtGClient.swift */ = {isa = PBXFileReference; lastKnownFileType = sourcecode.swift; path = MtGClient.swift; sourceTree = "<group>"; };
		60C6E6742483EC1700878258 /* DemoImages.xcassets */ = {isa = PBXFileReference; lastKnownFileType = folder.assetcatalog; path = DemoImages.xcassets; sourceTree = "<group>"; };
		60C6E6772483EC6D00878258 /* DemoData.swift */ = {isa = PBXFileReference; lastKnownFileType = sourcecode.swift; path = DemoData.swift; sourceTree = "<group>"; };
		60C6E6792483F9F900878258 /* RestaurantListPage.swift */ = {isa = PBXFileReference; lastKnownFileType = sourcecode.swift; path = RestaurantListPage.swift; sourceTree = "<group>"; };
		60C6E67C248404DC00878258 /* RestaurantDetailControl.swift */ = {isa = PBXFileReference; lastKnownFileType = sourcecode.swift; path = RestaurantDetailControl.swift; sourceTree = "<group>"; };
		60C6E67E248404EE00878258 /* DishListPage.swift */ = {isa = PBXFileReference; lastKnownFileType = sourcecode.swift; path = DishListPage.swift; sourceTree = "<group>"; };
		60CDC320248FC09B00483D3F /* SideMenu.swift */ = {isa = PBXFileReference; lastKnownFileType = sourcecode.swift; path = SideMenu.swift; sourceTree = "<group>"; };
		60EC64F324A6207600F519F6 /* AlertUtil.swift */ = {isa = PBXFileReference; lastKnownFileType = sourcecode.swift; path = AlertUtil.swift; sourceTree = "<group>"; };
		60EC64F524A768C300F519F6 /* DishListPageViewModel.swift */ = {isa = PBXFileReference; lastKnownFileType = sourcecode.swift; path = DishListPageViewModel.swift; sourceTree = "<group>"; };
		60EC64F724A7715800F519F6 /* RestaurantListPageViewModel.swift */ = {isa = PBXFileReference; lastKnownFileType = sourcecode.swift; path = RestaurantListPageViewModel.swift; sourceTree = "<group>"; };
		60F5B24F249910080078F326 /* AppGlobalVariables.swift */ = {isa = PBXFileReference; lastKnownFileType = sourcecode.swift; path = AppGlobalVariables.swift; sourceTree = "<group>"; };
		649B82DE6AF23FEDF0D33984 /* Pods-MealToGoClient.debug.xcconfig */ = {isa = PBXFileReference; includeInIndex = 1; lastKnownFileType = text.xcconfig; name = "Pods-MealToGoClient.debug.xcconfig"; path = "Target Support Files/Pods-MealToGoClient/Pods-MealToGoClient.debug.xcconfig"; sourceTree = "<group>"; };
		CC8468359A59FDAB73D05E56 /* Pods-MealToGoClientTests.debug.xcconfig */ = {isa = PBXFileReference; includeInIndex = 1; lastKnownFileType = text.xcconfig; name = "Pods-MealToGoClientTests.debug.xcconfig"; path = "Target Support Files/Pods-MealToGoClientTests/Pods-MealToGoClientTests.debug.xcconfig"; sourceTree = "<group>"; };
		F294DABD906C05D95484DFA6 /* Pods_MealToGoClient.framework */ = {isa = PBXFileReference; explicitFileType = wrapper.framework; includeInIndex = 0; path = Pods_MealToGoClient.framework; sourceTree = BUILT_PRODUCTS_DIR; };
		F62EC1CA5B34D5277DE87EEE /* Pods-MealToGoClientTests.release.xcconfig */ = {isa = PBXFileReference; includeInIndex = 1; lastKnownFileType = text.xcconfig; name = "Pods-MealToGoClientTests.release.xcconfig"; path = "Target Support Files/Pods-MealToGoClientTests/Pods-MealToGoClientTests.release.xcconfig"; sourceTree = "<group>"; };
/* End PBXFileReference section */

/* Begin PBXFrameworksBuildPhase section */
		6050E8272483DF8400AA4EF7 /* Frameworks */ = {
			isa = PBXFrameworksBuildPhase;
			buildActionMask = 2147483647;
			files = (
				83BB60D83D2302F3C3B75782 /* Pods_MealToGoClient.framework in Frameworks */,
			);
			runOnlyForDeploymentPostprocessing = 0;
		};
		6050E83D2483DF8700AA4EF7 /* Frameworks */ = {
			isa = PBXFrameworksBuildPhase;
			buildActionMask = 2147483647;
			files = (
				02F22765221287F29AA34871 /* Pods_MealToGoClientTests.framework in Frameworks */,
			);
			runOnlyForDeploymentPostprocessing = 0;
		};
/* End PBXFrameworksBuildPhase section */

/* Begin PBXGroup section */
		203AE66CF6B57583A26927DE /* Frameworks */ = {
			isa = PBXGroup;
			children = (
				F294DABD906C05D95484DFA6 /* Pods_MealToGoClient.framework */,
				4B633865365209DBD5962B85 /* Pods_MealToGoClientTests.framework */,
			);
			name = Frameworks;
			sourceTree = "<group>";
		};
		601E3A0B24869C6B001DCAD2 /* Utils */ = {
			isa = PBXGroup;
			children = (
				601E3A0C24869C96001DCAD2 /* DateStringConverter.swift */,
				604A1784248FDB510076900C /* ColorExtensions.swift */,
				605354352490FC56008D7917 /* UIResources.swift */,
				604CB3792493D51000B6D7A5 /* MapUtil.swift */,
				6032BECE2496029B0096757B /* SocialSignInClient.swift */,
				60F5B24F249910080078F326 /* AppGlobalVariables.swift */,
				6051ABDB249A5EA400AA593E /* AppGlobalSettings.swift */,
				6081F546249FAF80008F651D /* HttpClient.swift */,
				6081F54824A39950008F651D /* MtGClient.swift */,
				60EC64F324A6207600F519F6 /* AlertUtil.swift */,
			);
			path = Utils;
			sourceTree = "<group>";
		};
		6032BED024960D350096757B /* SignInRelatedPages */ = {
			isa = PBXGroup;
			children = (
				6032BED1249610010096757B /* SignInButtons.swift */,
				6032BED32496129B0096757B /* SignInIcons.xcassets */,
				6032BED5249632360096757B /* LaunchPage.swift */,
			);
			path = SignInRelatedPages;
			sourceTree = "<group>";
		};
		6050E8212483DF8400AA4EF7 = {
			isa = PBXGroup;
			children = (
				6050E82C2483DF8400AA4EF7 /* MealToGoClient */,
				6050E8432483DF8700AA4EF7 /* MealToGoClientTests */,
				6050E82B2483DF8400AA4EF7 /* Products */,
				850FAB384F13EC746A99EB3A /* Pods */,
				203AE66CF6B57583A26927DE /* Frameworks */,
			);
			sourceTree = "<group>";
		};
		6050E82B2483DF8400AA4EF7 /* Products */ = {
			isa = PBXGroup;
			children = (
				6050E82A2483DF8400AA4EF7 /* MealToGoClient.app */,
				6050E8402483DF8700AA4EF7 /* MealToGoClientTests.xctest */,
			);
			name = Products;
			sourceTree = "<group>";
		};
		6050E82C2483DF8400AA4EF7 /* MealToGoClient */ = {
			isa = PBXGroup;
			children = (
				6080EACC248E6FCC00530823 /* ViewModels */,
				601E3A0B24869C6B001DCAD2 /* Utils */,
				60C6E6762483EC4800878258 /* Demo */,
				6050E8502483E15600AA4EF7 /* Views */,
				6050E84F2483E14600AA4EF7 /* Models */,
				6050E82D2483DF8400AA4EF7 /* AppDelegate.swift */,
				6050E82F2483DF8400AA4EF7 /* SceneDelegate.swift */,
				6050E8312483DF8400AA4EF7 /* ContentView.swift */,
				6050E8332483DF8600AA4EF7 /* Assets.xcassets */,
				6050E8382483DF8600AA4EF7 /* LaunchScreen.storyboard */,
				6050E83B2483DF8600AA4EF7 /* Info.plist */,
				6050E8352483DF8600AA4EF7 /* Preview Content */,
			);
			path = MealToGoClient;
			sourceTree = "<group>";
		};
		6050E8352483DF8600AA4EF7 /* Preview Content */ = {
			isa = PBXGroup;
			children = (
				6050E8362483DF8600AA4EF7 /* Preview Assets.xcassets */,
			);
			path = "Preview Content";
			sourceTree = "<group>";
		};
		6050E8432483DF8700AA4EF7 /* MealToGoClientTests */ = {
			isa = PBXGroup;
			children = (
				6050E8442483DF8700AA4EF7 /* MealToGoClientTests.swift */,
				6050E8462483DF8700AA4EF7 /* Info.plist */,
			);
			path = MealToGoClientTests;
			sourceTree = "<group>";
		};
		6050E84F2483E14600AA4EF7 /* Models */ = {
			isa = PBXGroup;
			children = (
				6050E8512483E23900AA4EF7 /* Restaurant.swift */,
				6050E8532483E2B500AA4EF7 /* Dish.swift */,
				6050E8552483E2DD00AA4EF7 /* Message.swift */,
				6050E8572483E32700AA4EF7 /* ImageWithData.swift */,
				604CB3732493BC9B00B6D7A5 /* Order.swift */,
				604CB3752493BE2800B6D7A5 /* UserInfo.swift */,
				604CB37B2494737400B6D7A5 /* PaymentMethod.swift */,
			);
			path = Models;
			sourceTree = "<group>";
		};
		6050E8502483E15600AA4EF7 /* Views */ = {
			isa = PBXGroup;
			children = (
				6032BED024960D350096757B /* SignInRelatedPages */,
				60C6E67B248404C400878258 /* CustomControls */,
				60C6E6792483F9F900878258 /* RestaurantListPage.swift */,
				6053543D24911464008D7917 /* RestaurantMapPage.swift */,
				60C6E67E248404EE00878258 /* DishListPage.swift */,
				6053543924910995008D7917 /* SettingsPage.swift */,
				6053543B24910D23008D7917 /* CartPage.swift */,
				6068280F2491193200B66848 /* ProfilePage.swift */,
				604CB3712493B79C00B6D7A5 /* OrderConfirmationPage.swift */,
			);
			path = Views;
			sourceTree = "<group>";
		};
		6080EACC248E6FCC00530823 /* ViewModels */ = {
			isa = PBXGroup;
			children = (
				6080EACD248E722800530823 /* OrderItemViewModel.swift */,
				6053543724910295008D7917 /* MainViewModel.swift */,
				60EC64F524A768C300F519F6 /* DishListPageViewModel.swift */,
				60EC64F724A7715800F519F6 /* RestaurantListPageViewModel.swift */,
			);
			path = ViewModels;
			sourceTree = "<group>";
		};
		60C6E6762483EC4800878258 /* Demo */ = {
			isa = PBXGroup;
			children = (
				60C6E6742483EC1700878258 /* DemoImages.xcassets */,
				60C6E6772483EC6D00878258 /* DemoData.swift */,
			);
			path = Demo;
			sourceTree = "<group>";
		};
		60C6E67B248404C400878258 /* CustomControls */ = {
			isa = PBXGroup;
			children = (
				60C6E67C248404DC00878258 /* RestaurantDetailControl.swift */,
				6046F95524892D0C00E5D68B /* DishItemControl.swift */,
				6080EACA248E679F00530823 /* OrderItemOptionsControl.swift */,
				60CDC320248FC09B00483D3F /* SideMenu.swift */,
				605354332490FB26008D7917 /* SideMenuItem.swift */,
				6053543F24911505008D7917 /* RestaurantMapControl.swift */,
				604CB3772493C5F000B6D7A5 /* MultiLineTextField.swift */,
			);
			path = CustomControls;
			sourceTree = "<group>";
		};
		850FAB384F13EC746A99EB3A /* Pods */ = {
			isa = PBXGroup;
			children = (
				649B82DE6AF23FEDF0D33984 /* Pods-MealToGoClient.debug.xcconfig */,
				2EF43E62ED5EE18E715419A6 /* Pods-MealToGoClient.release.xcconfig */,
				CC8468359A59FDAB73D05E56 /* Pods-MealToGoClientTests.debug.xcconfig */,
				F62EC1CA5B34D5277DE87EEE /* Pods-MealToGoClientTests.release.xcconfig */,
			);
			path = Pods;
			sourceTree = "<group>";
		};
/* End PBXGroup section */

/* Begin PBXNativeTarget section */
		6050E8292483DF8400AA4EF7 /* MealToGoClient */ = {
			isa = PBXNativeTarget;
			buildConfigurationList = 6050E8492483DF8700AA4EF7 /* Build configuration list for PBXNativeTarget "MealToGoClient" */;
			buildPhases = (
				E9D0E0687056FDE1E16CB686 /* [CP] Check Pods Manifest.lock */,
				6050E8262483DF8400AA4EF7 /* Sources */,
				6050E8272483DF8400AA4EF7 /* Frameworks */,
				6050E8282483DF8400AA4EF7 /* Resources */,
				869D5949A0CA8D66972492CE /* [CP] Embed Pods Frameworks */,
				BDE88AAB69C2A38DC45FD41F /* [CP] Copy Pods Resources */,
			);
			buildRules = (
			);
			dependencies = (
			);
			name = MealToGoClient;
			productName = MealToGoClient;
			productReference = 6050E82A2483DF8400AA4EF7 /* MealToGoClient.app */;
			productType = "com.apple.product-type.application";
		};
		6050E83F2483DF8700AA4EF7 /* MealToGoClientTests */ = {
			isa = PBXNativeTarget;
			buildConfigurationList = 6050E84C2483DF8700AA4EF7 /* Build configuration list for PBXNativeTarget "MealToGoClientTests" */;
			buildPhases = (
				BC800A52F38F9AFC24C71509 /* [CP] Check Pods Manifest.lock */,
				6050E83C2483DF8700AA4EF7 /* Sources */,
				6050E83D2483DF8700AA4EF7 /* Frameworks */,
				6050E83E2483DF8700AA4EF7 /* Resources */,
			);
			buildRules = (
			);
			dependencies = (
				6050E8422483DF8700AA4EF7 /* PBXTargetDependency */,
			);
			name = MealToGoClientTests;
			productName = MealToGoClientTests;
			productReference = 6050E8402483DF8700AA4EF7 /* MealToGoClientTests.xctest */;
			productType = "com.apple.product-type.bundle.unit-test";
		};
/* End PBXNativeTarget section */

/* Begin PBXProject section */
		6050E8222483DF8400AA4EF7 /* Project object */ = {
			isa = PBXProject;
			attributes = {
				LastSwiftUpdateCheck = 1150;
				LastUpgradeCheck = 1150;
				ORGANIZATIONNAME = Kurosuke;
				TargetAttributes = {
					6050E8292483DF8400AA4EF7 = {
						CreatedOnToolsVersion = 11.5;
					};
					6050E83F2483DF8700AA4EF7 = {
						CreatedOnToolsVersion = 11.5;
						TestTargetID = 6050E8292483DF8400AA4EF7;
					};
				};
			};
			buildConfigurationList = 6050E8252483DF8400AA4EF7 /* Build configuration list for PBXProject "MealToGoClient" */;
			compatibilityVersion = "Xcode 9.3";
			developmentRegion = en;
			hasScannedForEncodings = 0;
			knownRegions = (
				en,
				Base,
			);
			mainGroup = 6050E8212483DF8400AA4EF7;
			productRefGroup = 6050E82B2483DF8400AA4EF7 /* Products */;
			projectDirPath = "";
			projectRoot = "";
			targets = (
				6050E8292483DF8400AA4EF7 /* MealToGoClient */,
				6050E83F2483DF8700AA4EF7 /* MealToGoClientTests */,
			);
		};
/* End PBXProject section */

/* Begin PBXResourcesBuildPhase section */
		6050E8282483DF8400AA4EF7 /* Resources */ = {
			isa = PBXResourcesBuildPhase;
			buildActionMask = 2147483647;
			files = (
				6050E83A2483DF8600AA4EF7 /* LaunchScreen.storyboard in Resources */,
				6032BED42496129B0096757B /* SignInIcons.xcassets in Resources */,
				6050E8372483DF8600AA4EF7 /* Preview Assets.xcassets in Resources */,
				60C6E6752483EC1700878258 /* DemoImages.xcassets in Resources */,
				6050E8342483DF8600AA4EF7 /* Assets.xcassets in Resources */,
			);
			runOnlyForDeploymentPostprocessing = 0;
		};
		6050E83E2483DF8700AA4EF7 /* Resources */ = {
			isa = PBXResourcesBuildPhase;
			buildActionMask = 2147483647;
			files = (
			);
			runOnlyForDeploymentPostprocessing = 0;
		};
/* End PBXResourcesBuildPhase section */

/* Begin PBXShellScriptBuildPhase section */
		869D5949A0CA8D66972492CE /* [CP] Embed Pods Frameworks */ = {
			isa = PBXShellScriptBuildPhase;
			buildActionMask = 2147483647;
			files = (
			);
			inputFileListPaths = (
				"${PODS_ROOT}/Target Support Files/Pods-MealToGoClient/Pods-MealToGoClient-frameworks-${CONFIGURATION}-input-files.xcfilelist",
			);
			name = "[CP] Embed Pods Frameworks";
			outputFileListPaths = (
				"${PODS_ROOT}/Target Support Files/Pods-MealToGoClient/Pods-MealToGoClient-frameworks-${CONFIGURATION}-output-files.xcfilelist",
			);
			runOnlyForDeploymentPostprocessing = 0;
			shellPath = /bin/sh;
			shellScript = "\"${PODS_ROOT}/Target Support Files/Pods-MealToGoClient/Pods-MealToGoClient-frameworks.sh\"\n";
			showEnvVarsInLog = 0;
		};
		BC800A52F38F9AFC24C71509 /* [CP] Check Pods Manifest.lock */ = {
			isa = PBXShellScriptBuildPhase;
			buildActionMask = 2147483647;
			files = (
			);
			inputFileListPaths = (
			);
			inputPaths = (
				"${PODS_PODFILE_DIR_PATH}/Podfile.lock",
				"${PODS_ROOT}/Manifest.lock",
			);
			name = "[CP] Check Pods Manifest.lock";
			outputFileListPaths = (
			);
			outputPaths = (
				"$(DERIVED_FILE_DIR)/Pods-MealToGoClientTests-checkManifestLockResult.txt",
			);
			runOnlyForDeploymentPostprocessing = 0;
			shellPath = /bin/sh;
			shellScript = "diff \"${PODS_PODFILE_DIR_PATH}/Podfile.lock\" \"${PODS_ROOT}/Manifest.lock\" > /dev/null\nif [ $? != 0 ] ; then\n    # print error to STDERR\n    echo \"error: The sandbox is not in sync with the Podfile.lock. Run 'pod install' or update your CocoaPods installation.\" >&2\n    exit 1\nfi\n# This output is used by Xcode 'outputs' to avoid re-running this script phase.\necho \"SUCCESS\" > \"${SCRIPT_OUTPUT_FILE_0}\"\n";
			showEnvVarsInLog = 0;
		};
		BDE88AAB69C2A38DC45FD41F /* [CP] Copy Pods Resources */ = {
			isa = PBXShellScriptBuildPhase;
			buildActionMask = 2147483647;
			files = (
			);
			inputFileListPaths = (
				"${PODS_ROOT}/Target Support Files/Pods-MealToGoClient/Pods-MealToGoClient-resources-${CONFIGURATION}-input-files.xcfilelist",
			);
			name = "[CP] Copy Pods Resources";
			outputFileListPaths = (
				"${PODS_ROOT}/Target Support Files/Pods-MealToGoClient/Pods-MealToGoClient-resources-${CONFIGURATION}-output-files.xcfilelist",
			);
			runOnlyForDeploymentPostprocessing = 0;
			shellPath = /bin/sh;
			shellScript = "\"${PODS_ROOT}/Target Support Files/Pods-MealToGoClient/Pods-MealToGoClient-resources.sh\"\n";
			showEnvVarsInLog = 0;
		};
		E9D0E0687056FDE1E16CB686 /* [CP] Check Pods Manifest.lock */ = {
			isa = PBXShellScriptBuildPhase;
			buildActionMask = 2147483647;
			files = (
			);
			inputFileListPaths = (
			);
			inputPaths = (
				"${PODS_PODFILE_DIR_PATH}/Podfile.lock",
				"${PODS_ROOT}/Manifest.lock",
			);
			name = "[CP] Check Pods Manifest.lock";
			outputFileListPaths = (
			);
			outputPaths = (
				"$(DERIVED_FILE_DIR)/Pods-MealToGoClient-checkManifestLockResult.txt",
			);
			runOnlyForDeploymentPostprocessing = 0;
			shellPath = /bin/sh;
			shellScript = "diff \"${PODS_PODFILE_DIR_PATH}/Podfile.lock\" \"${PODS_ROOT}/Manifest.lock\" > /dev/null\nif [ $? != 0 ] ; then\n    # print error to STDERR\n    echo \"error: The sandbox is not in sync with the Podfile.lock. Run 'pod install' or update your CocoaPods installation.\" >&2\n    exit 1\nfi\n# This output is used by Xcode 'outputs' to avoid re-running this script phase.\necho \"SUCCESS\" > \"${SCRIPT_OUTPUT_FILE_0}\"\n";
			showEnvVarsInLog = 0;
		};
/* End PBXShellScriptBuildPhase section */

/* Begin PBXSourcesBuildPhase section */
		6050E8262483DF8400AA4EF7 /* Sources */ = {
			isa = PBXSourcesBuildPhase;
			buildActionMask = 2147483647;
			files = (
				60EC64F824A7715800F519F6 /* RestaurantListPageViewModel.swift in Sources */,
				604CB3722493B79C00B6D7A5 /* OrderConfirmationPage.swift in Sources */,
				60C6E6782483EC6D00878258 /* DemoData.swift in Sources */,
				6050E82E2483DF8400AA4EF7 /* AppDelegate.swift in Sources */,
				604CB37C2494737400B6D7A5 /* PaymentMethod.swift in Sources */,
				6053543C24910D23008D7917 /* CartPage.swift in Sources */,
				6032BED2249610010096757B /* SignInButtons.swift in Sources */,
				6053543E24911464008D7917 /* RestaurantMapPage.swift in Sources */,
				605354342490FB26008D7917 /* SideMenuItem.swift in Sources */,
				60CDC321248FC09B00483D3F /* SideMenu.swift in Sources */,
				6080EACB248E679F00530823 /* OrderItemOptionsControl.swift in Sources */,
				6050E8542483E2B500AA4EF7 /* Dish.swift in Sources */,
				6032BED6249632360096757B /* LaunchPage.swift in Sources */,
				6080EACE248E722800530823 /* OrderItemViewModel.swift in Sources */,
				6050E8522483E23900AA4EF7 /* Restaurant.swift in Sources */,
				6050E8562483E2DD00AA4EF7 /* Message.swift in Sources */,
				604CB3762493BE2800B6D7A5 /* UserInfo.swift in Sources */,
				6081F54924A39950008F651D /* MtGClient.swift in Sources */,
				604CB3742493BC9B00B6D7A5 /* Order.swift in Sources */,
				60C6E67D248404DC00878258 /* RestaurantDetailControl.swift in Sources */,
				60EC64F424A6207600F519F6 /* AlertUtil.swift in Sources */,
				6081F547249FAF80008F651D /* HttpClient.swift in Sources */,
				60C6E67F248404EE00878258 /* DishListPage.swift in Sources */,
				604CB37A2493D51000B6D7A5 /* MapUtil.swift in Sources */,
				6053544024911505008D7917 /* RestaurantMapControl.swift in Sources */,
				6051ABDC249A5EA400AA593E /* AppGlobalSettings.swift in Sources */,
				6050E8302483DF8400AA4EF7 /* SceneDelegate.swift in Sources */,
				60F5B250249910080078F326 /* AppGlobalVariables.swift in Sources */,
				6053543A24910995008D7917 /* SettingsPage.swift in Sources */,
				6050E8582483E32700AA4EF7 /* ImageWithData.swift in Sources */,
				601E3A0D24869C96001DCAD2 /* DateStringConverter.swift in Sources */,
				6032BECF2496029B0096757B /* SocialSignInClient.swift in Sources */,
				605354362490FC56008D7917 /* UIResources.swift in Sources */,
				6053543824910295008D7917 /* MainViewModel.swift in Sources */,
				60C6E67A2483F9F900878258 /* RestaurantListPage.swift in Sources */,
				6046F95624892D0C00E5D68B /* DishItemControl.swift in Sources */,
				60EC64F624A768C300F519F6 /* DishListPageViewModel.swift in Sources */,
				606828102491193200B66848 /* ProfilePage.swift in Sources */,
				604CB3782493C5F000B6D7A5 /* MultiLineTextField.swift in Sources */,
				6050E8322483DF8400AA4EF7 /* ContentView.swift in Sources */,
				604A1785248FDB510076900C /* ColorExtensions.swift in Sources */,
			);
			runOnlyForDeploymentPostprocessing = 0;
		};
		6050E83C2483DF8700AA4EF7 /* Sources */ = {
			isa = PBXSourcesBuildPhase;
			buildActionMask = 2147483647;
			files = (
				6050E8452483DF8700AA4EF7 /* MealToGoClientTests.swift in Sources */,
			);
			runOnlyForDeploymentPostprocessing = 0;
		};
/* End PBXSourcesBuildPhase section */

/* Begin PBXTargetDependency section */
		6050E8422483DF8700AA4EF7 /* PBXTargetDependency */ = {
			isa = PBXTargetDependency;
			target = 6050E8292483DF8400AA4EF7 /* MealToGoClient */;
			targetProxy = 6050E8412483DF8700AA4EF7 /* PBXContainerItemProxy */;
		};
/* End PBXTargetDependency section */

/* Begin PBXVariantGroup section */
		6050E8382483DF8600AA4EF7 /* LaunchScreen.storyboard */ = {
			isa = PBXVariantGroup;
			children = (
				6050E8392483DF8600AA4EF7 /* Base */,
			);
			name = LaunchScreen.storyboard;
			sourceTree = "<group>";
		};
/* End PBXVariantGroup section */

/* Begin XCBuildConfiguration section */
		6050E8472483DF8700AA4EF7 /* Debug */ = {
			isa = XCBuildConfiguration;
			buildSettings = {
				ALWAYS_SEARCH_USER_PATHS = NO;
				CLANG_ANALYZER_NONNULL = YES;
				CLANG_ANALYZER_NUMBER_OBJECT_CONVERSION = YES_AGGRESSIVE;
				CLANG_CXX_LANGUAGE_STANDARD = "gnu++14";
				CLANG_CXX_LIBRARY = "libc++";
				CLANG_ENABLE_MODULES = YES;
				CLANG_ENABLE_OBJC_ARC = YES;
				CLANG_ENABLE_OBJC_WEAK = YES;
				CLANG_WARN_BLOCK_CAPTURE_AUTORELEASING = YES;
				CLANG_WARN_BOOL_CONVERSION = YES;
				CLANG_WARN_COMMA = YES;
				CLANG_WARN_CONSTANT_CONVERSION = YES;
				CLANG_WARN_DEPRECATED_OBJC_IMPLEMENTATIONS = YES;
				CLANG_WARN_DIRECT_OBJC_ISA_USAGE = YES_ERROR;
				CLANG_WARN_DOCUMENTATION_COMMENTS = YES;
				CLANG_WARN_EMPTY_BODY = YES;
				CLANG_WARN_ENUM_CONVERSION = YES;
				CLANG_WARN_INFINITE_RECURSION = YES;
				CLANG_WARN_INT_CONVERSION = YES;
				CLANG_WARN_NON_LITERAL_NULL_CONVERSION = YES;
				CLANG_WARN_OBJC_IMPLICIT_RETAIN_SELF = YES;
				CLANG_WARN_OBJC_LITERAL_CONVERSION = YES;
				CLANG_WARN_OBJC_ROOT_CLASS = YES_ERROR;
				CLANG_WARN_RANGE_LOOP_ANALYSIS = YES;
				CLANG_WARN_STRICT_PROTOTYPES = YES;
				CLANG_WARN_SUSPICIOUS_MOVE = YES;
				CLANG_WARN_UNGUARDED_AVAILABILITY = YES_AGGRESSIVE;
				CLANG_WARN_UNREACHABLE_CODE = YES;
				CLANG_WARN__DUPLICATE_METHOD_MATCH = YES;
				COPY_PHASE_STRIP = NO;
				DEBUG_INFORMATION_FORMAT = dwarf;
				ENABLE_STRICT_OBJC_MSGSEND = YES;
				ENABLE_TESTABILITY = YES;
				GCC_C_LANGUAGE_STANDARD = gnu11;
				GCC_DYNAMIC_NO_PIC = NO;
				GCC_NO_COMMON_BLOCKS = YES;
				GCC_OPTIMIZATION_LEVEL = 0;
				GCC_PREPROCESSOR_DEFINITIONS = (
					"DEBUG=1",
					"$(inherited)",
				);
				GCC_WARN_64_TO_32_BIT_CONVERSION = YES;
				GCC_WARN_ABOUT_RETURN_TYPE = YES_ERROR;
				GCC_WARN_UNDECLARED_SELECTOR = YES;
				GCC_WARN_UNINITIALIZED_AUTOS = YES_AGGRESSIVE;
				GCC_WARN_UNUSED_FUNCTION = YES;
				GCC_WARN_UNUSED_VARIABLE = YES;
				IPHONEOS_DEPLOYMENT_TARGET = 13.5;
				MTL_ENABLE_DEBUG_INFO = INCLUDE_SOURCE;
				MTL_FAST_MATH = YES;
				ONLY_ACTIVE_ARCH = YES;
				SDKROOT = iphoneos;
				SWIFT_ACTIVE_COMPILATION_CONDITIONS = DEBUG;
				SWIFT_OPTIMIZATION_LEVEL = "-Onone";
			};
			name = Debug;
		};
		6050E8482483DF8700AA4EF7 /* Release */ = {
			isa = XCBuildConfiguration;
			buildSettings = {
				ALWAYS_SEARCH_USER_PATHS = NO;
				CLANG_ANALYZER_NONNULL = YES;
				CLANG_ANALYZER_NUMBER_OBJECT_CONVERSION = YES_AGGRESSIVE;
				CLANG_CXX_LANGUAGE_STANDARD = "gnu++14";
				CLANG_CXX_LIBRARY = "libc++";
				CLANG_ENABLE_MODULES = YES;
				CLANG_ENABLE_OBJC_ARC = YES;
				CLANG_ENABLE_OBJC_WEAK = YES;
				CLANG_WARN_BLOCK_CAPTURE_AUTORELEASING = YES;
				CLANG_WARN_BOOL_CONVERSION = YES;
				CLANG_WARN_COMMA = YES;
				CLANG_WARN_CONSTANT_CONVERSION = YES;
				CLANG_WARN_DEPRECATED_OBJC_IMPLEMENTATIONS = YES;
				CLANG_WARN_DIRECT_OBJC_ISA_USAGE = YES_ERROR;
				CLANG_WARN_DOCUMENTATION_COMMENTS = YES;
				CLANG_WARN_EMPTY_BODY = YES;
				CLANG_WARN_ENUM_CONVERSION = YES;
				CLANG_WARN_INFINITE_RECURSION = YES;
				CLANG_WARN_INT_CONVERSION = YES;
				CLANG_WARN_NON_LITERAL_NULL_CONVERSION = YES;
				CLANG_WARN_OBJC_IMPLICIT_RETAIN_SELF = YES;
				CLANG_WARN_OBJC_LITERAL_CONVERSION = YES;
				CLANG_WARN_OBJC_ROOT_CLASS = YES_ERROR;
				CLANG_WARN_RANGE_LOOP_ANALYSIS = YES;
				CLANG_WARN_STRICT_PROTOTYPES = YES;
				CLANG_WARN_SUSPICIOUS_MOVE = YES;
				CLANG_WARN_UNGUARDED_AVAILABILITY = YES_AGGRESSIVE;
				CLANG_WARN_UNREACHABLE_CODE = YES;
				CLANG_WARN__DUPLICATE_METHOD_MATCH = YES;
				COPY_PHASE_STRIP = NO;
				DEBUG_INFORMATION_FORMAT = "dwarf-with-dsym";
				ENABLE_NS_ASSERTIONS = NO;
				ENABLE_STRICT_OBJC_MSGSEND = YES;
				GCC_C_LANGUAGE_STANDARD = gnu11;
				GCC_NO_COMMON_BLOCKS = YES;
				GCC_WARN_64_TO_32_BIT_CONVERSION = YES;
				GCC_WARN_ABOUT_RETURN_TYPE = YES_ERROR;
				GCC_WARN_UNDECLARED_SELECTOR = YES;
				GCC_WARN_UNINITIALIZED_AUTOS = YES_AGGRESSIVE;
				GCC_WARN_UNUSED_FUNCTION = YES;
				GCC_WARN_UNUSED_VARIABLE = YES;
				IPHONEOS_DEPLOYMENT_TARGET = 13.5;
				MTL_ENABLE_DEBUG_INFO = NO;
				MTL_FAST_MATH = YES;
				SDKROOT = iphoneos;
				SWIFT_COMPILATION_MODE = wholemodule;
				SWIFT_OPTIMIZATION_LEVEL = "-O";
				VALIDATE_PRODUCT = YES;
			};
			name = Release;
		};
		6050E84A2483DF8700AA4EF7 /* Debug */ = {
			isa = XCBuildConfiguration;
			baseConfigurationReference = 649B82DE6AF23FEDF0D33984 /* Pods-MealToGoClient.debug.xcconfig */;
			buildSettings = {
				ASSETCATALOG_COMPILER_APPICON_NAME = AppIcon;
				CODE_SIGN_STYLE = Automatic;
				DEVELOPMENT_ASSET_PATHS = "\"MealToGoClient/Preview Content\"";
				ENABLE_PREVIEWS = YES;
				INFOPLIST_FILE = MealToGoClient/Info.plist;
				LD_RUNPATH_SEARCH_PATHS = (
					"$(inherited)",
					"@executable_path/Frameworks",
				);
				PRODUCT_BUNDLE_IDENTIFIER = com.kurosuke.MealToGoClient;
				PRODUCT_NAME = "$(TARGET_NAME)";
				SWIFT_VERSION = 5.0;
				TARGETED_DEVICE_FAMILY = "1,2";
			};
			name = Debug;
		};
		6050E84B2483DF8700AA4EF7 /* Release */ = {
			isa = XCBuildConfiguration;
			baseConfigurationReference = 2EF43E62ED5EE18E715419A6 /* Pods-MealToGoClient.release.xcconfig */;
			buildSettings = {
				ASSETCATALOG_COMPILER_APPICON_NAME = AppIcon;
				CODE_SIGN_STYLE = Automatic;
				DEVELOPMENT_ASSET_PATHS = "\"MealToGoClient/Preview Content\"";
				ENABLE_PREVIEWS = YES;
				INFOPLIST_FILE = MealToGoClient/Info.plist;
				LD_RUNPATH_SEARCH_PATHS = (
					"$(inherited)",
					"@executable_path/Frameworks",
				);
				PRODUCT_BUNDLE_IDENTIFIER = com.kurosuke.MealToGoClient;
				PRODUCT_NAME = "$(TARGET_NAME)";
				SWIFT_VERSION = 5.0;
				TARGETED_DEVICE_FAMILY = "1,2";
			};
			name = Release;
		};
		6050E84D2483DF8700AA4EF7 /* Debug */ = {
			isa = XCBuildConfiguration;
			baseConfigurationReference = CC8468359A59FDAB73D05E56 /* Pods-MealToGoClientTests.debug.xcconfig */;
			buildSettings = {
				ALWAYS_EMBED_SWIFT_STANDARD_LIBRARIES = YES;
				BUNDLE_LOADER = "$(TEST_HOST)";
				CODE_SIGN_STYLE = Automatic;
				INFOPLIST_FILE = MealToGoClientTests/Info.plist;
				IPHONEOS_DEPLOYMENT_TARGET = 13.5;
				LD_RUNPATH_SEARCH_PATHS = (
					"$(inherited)",
					"@executable_path/Frameworks",
					"@loader_path/Frameworks",
				);
				PRODUCT_BUNDLE_IDENTIFIER = com.kurosuke.MealToGoClientTests;
				PRODUCT_NAME = "$(TARGET_NAME)";
				SWIFT_VERSION = 5.0;
				TARGETED_DEVICE_FAMILY = "1,2";
				TEST_HOST = "$(BUILT_PRODUCTS_DIR)/MealToGoClient.app/MealToGoClient";
			};
			name = Debug;
		};
		6050E84E2483DF8700AA4EF7 /* Release */ = {
			isa = XCBuildConfiguration;
			baseConfigurationReference = F62EC1CA5B34D5277DE87EEE /* Pods-MealToGoClientTests.release.xcconfig */;
			buildSettings = {
				ALWAYS_EMBED_SWIFT_STANDARD_LIBRARIES = YES;
				BUNDLE_LOADER = "$(TEST_HOST)";
				CODE_SIGN_STYLE = Automatic;
				INFOPLIST_FILE = MealToGoClientTests/Info.plist;
				IPHONEOS_DEPLOYMENT_TARGET = 13.5;
				LD_RUNPATH_SEARCH_PATHS = (
					"$(inherited)",
					"@executable_path/Frameworks",
					"@loader_path/Frameworks",
				);
				PRODUCT_BUNDLE_IDENTIFIER = com.kurosuke.MealToGoClientTests;
				PRODUCT_NAME = "$(TARGET_NAME)";
				SWIFT_VERSION = 5.0;
				TARGETED_DEVICE_FAMILY = "1,2";
				TEST_HOST = "$(BUILT_PRODUCTS_DIR)/MealToGoClient.app/MealToGoClient";
			};
			name = Release;
		};
/* End XCBuildConfiguration section */

/* Begin XCConfigurationList section */
		6050E8252483DF8400AA4EF7 /* Build configuration list for PBXProject "MealToGoClient" */ = {
			isa = XCConfigurationList;
			buildConfigurations = (
				6050E8472483DF8700AA4EF7 /* Debug */,
				6050E8482483DF8700AA4EF7 /* Release */,
			);
			defaultConfigurationIsVisible = 0;
			defaultConfigurationName = Release;
		};
		6050E8492483DF8700AA4EF7 /* Build configuration list for PBXNativeTarget "MealToGoClient" */ = {
			isa = XCConfigurationList;
			buildConfigurations = (
				6050E84A2483DF8700AA4EF7 /* Debug */,
				6050E84B2483DF8700AA4EF7 /* Release */,
			);
			defaultConfigurationIsVisible = 0;
			defaultConfigurationName = Release;
		};
		6050E84C2483DF8700AA4EF7 /* Build configuration list for PBXNativeTarget "MealToGoClientTests" */ = {
			isa = XCConfigurationList;
			buildConfigurations = (
				6050E84D2483DF8700AA4EF7 /* Debug */,
				6050E84E2483DF8700AA4EF7 /* Release */,
			);
			defaultConfigurationIsVisible = 0;
			defaultConfigurationName = Release;
		};
/* End XCConfigurationList section */
	};
	rootObject = 6050E8222483DF8400AA4EF7 /* Project object */;
}
